
Microsoft Visual Studio Solution File, Format Version 12.00
# Visual Studio Version 17
VisualStudioVersion = 17.0.31903.59
MinimumVisualStudioVersion = 10.0.40219.1
Project("{FAE04EC0-301F-11D3-BF4B-00C04F79EFBC}") = "API", "API\API.csproj", "{C03D0D11-70F8-4BEA-94BD-41A432BEDE7E}"
EndProject
Project("{FAE04EC0-301F-11D3-BF4B-00C04F79EFBC}") = "Core", "Core\Core.csproj", "{68E154D2-9E87-4398-BEE7-EE6DCA50D4AE}"
EndProject
Project("{FAE04EC0-301F-11D3-BF4B-00C04F79EFBC}") = "Infrastructure", "Infrastructure\Infrastructure.csproj", "{A16F5C0D-FD27-417F-A8ED-38AC629BEC87}"
EndProject
Global
	GlobalSection(SolutionConfigurationPlatforms) = preSolution
		Debug|Any CPU = Debug|Any CPU
		Release|Any CPU = Release|Any CPU
	EndGlobalSection
	GlobalSection(SolutionProperties) = preSolution
		HideSolutionNode = FALSE
	EndGlobalSection
	GlobalSection(ProjectConfigurationPlatforms) = postSolution
		{C03D0D11-70F8-4BEA-94BD-41A432BEDE7E}.Debug|Any CPU.ActiveCfg = Debug|Any CPU
		{C03D0D11-70F8-4BEA-94BD-41A432BEDE7E}.Debug|Any CPU.Build.0 = Debug|Any CPU
		{C03D0D11-70F8-4BEA-94BD-41A432BEDE7E}.Release|Any CPU.ActiveCfg = Release|Any CPU
		{C03D0D11-70F8-4BEA-94BD-41A432BEDE7E}.Release|Any CPU.Build.0 = Release|Any CPU
		{68E154D2-9E87-4398-BEE7-EE6DCA50D4AE}.Debug|Any CPU.ActiveCfg = Debug|Any CPU
		{68E154D2-9E87-4398-BEE7-EE6DCA50D4AE}.Debug|Any CPU.Build.0 = Debug|Any CPU
		{68E154D2-9E87-4398-BEE7-EE6DCA50D4AE}.Release|Any CPU.ActiveCfg = Release|Any CPU
		{68E154D2-9E87-4398-BEE7-EE6DCA50D4AE}.Release|Any CPU.Build.0 = Release|Any CPU
		{A16F5C0D-FD27-417F-A8ED-38AC629BEC87}.Debug|Any CPU.ActiveCfg = Debug|Any CPU
		{A16F5C0D-FD27-417F-A8ED-38AC629BEC87}.Debug|Any CPU.Build.0 = Debug|Any CPU
		{A16F5C0D-FD27-417F-A8ED-38AC629BEC87}.Release|Any CPU.ActiveCfg = Release|Any CPU
		{A16F5C0D-FD27-417F-A8ED-38AC629BEC87}.Release|Any CPU.Build.0 = Release|Any CPU
	EndGlobalSection
EndGlobal
